# THIS IS AN AUTOGENERATED FILE. DO NOT EDIT THIS FILE DIRECTLY.
# yarn lockfile v1


"@fannithm/const@^0.1.0-snapshot.1":
  version "0.1.0-snapshot.1"
  resolved "https://npm.pkg.github.com/download/@fannithm/const/0.1.0-snapshot.1/ecae119c5cc1e8d03b27633ea2a40b4581d831b84c07e7fb833deb64dd19778f#315d4cce58c3d3eaa7ffa70cb8ea0c0572d91f73"
  integrity sha512-opsWsZaxnKbNwsqTyAF0whbtaeC2IrJZjawnomEl+J8jaesF08chZ9ogDH9nVwB9SmokBMJM3fVtW0tWUPPRHQ==

sus-analyzer@^2.2.4:
  version "2.2.4"
  resolved "https://registry.yarnpkg.com/sus-analyzer/-/sus-analyzer-2.2.4.tgz#0fd02706331d85dc003af60ce3cb82e4e4c3010a"
  integrity sha512-37Tq8aXKI4xYh2SJIvv2cAR4Qcb/mxjWvjfDBehMB+uxzeR8dSuvkrAWaPL7bQbkGuxCdgRkm6kapoH1/bQzzw==

uuid@^8.3.2:
  version "8.3.2"
  resolved "https://registry.yarnpkg.com/uuid/-/uuid-8.3.2.tgz#80d5b5ced271bb9af6c445f21a1a04c606cefbe2"
  integrity sha512-+NYs2QeMWy+GWFOEm9xnn6HCDp0l7QBD7ml8zLUmJ+93Q5NF0NocErnwkTkXVFNiX3/fpC6afS8Dhb/gz7R7eg==
