# THIS IS AN AUTOGENERATED FILE. DO NOT EDIT THIS FILE DIRECTLY.
# yarn lockfile v1


"@fannithm/const@^0.1.0-snapshot.3":
  version "0.1.0-snapshot.3"
  resolved "https://npm.pkg.github.com/download/@fannithm/const/0.1.0-snapshot.3/d0a8273681f99334ab20a0cffb82ecfb56a087d6b0f28483b0d827fc7a84d659#28c7679bec3059cb4677bf6d8463f6e7bcdf3c8d"
  integrity sha512-KxoNTjPVEN5XrlJUqLFFQa5rlCOgT3EgMxDy/GopwmByVd4+4soTRI96dNzQF3TyKbcs56SrRA0uyXVBWXhe/g==

sus-analyzer@^2.2.4:
  version "2.2.4"
  resolved "https://registry.yarnpkg.com/sus-analyzer/-/sus-analyzer-2.2.4.tgz#0fd02706331d85dc003af60ce3cb82e4e4c3010a"
  integrity sha512-37Tq8aXKI4xYh2SJIvv2cAR4Qcb/mxjWvjfDBehMB+uxzeR8dSuvkrAWaPL7bQbkGuxCdgRkm6kapoH1/bQzzw==

uuid@^8.3.2:
  version "8.3.2"
  resolved "https://registry.yarnpkg.com/uuid/-/uuid-8.3.2.tgz#80d5b5ced271bb9af6c445f21a1a04c606cefbe2"
  integrity sha512-+NYs2QeMWy+GWFOEm9xnn6HCDp0l7QBD7ml8zLUmJ+93Q5NF0NocErnwkTkXVFNiX3/fpC6afS8Dhb/gz7R7eg==
